
Microsoft Visual Studio Solution File, Format Version 12.00
# Visual Studio Version 17
VisualStudioVersion = 17.5.001.0
MinimumVisualStudioVersion = 10.0.40219.1
Project("{9A19103F-16F7-4668-BE54-9A1E7A4F7556}") = "Gradebook", "Gradebook.csproj", "{89AD8AF8-0491-46AA-AF7D-755C463C79F6}"
EndProject
Project("{FAE04EC0-301F-11D3-BF4B-00C04F79EFBC}") = "Gradebook.Tests", "..\..\test\TestProject1\Gradebook.Tests.csproj", "{C9A20E50-77C5-494C-883D-698B0757B0F2}"
EndProject
Global
	GlobalSection(SolutionConfigurationPlatforms) = preSolution
		Debug|Any CPU = Debug|Any CPU
		Release|Any CPU = Release|Any CPU
	EndGlobalSection
	GlobalSection(ProjectConfigurationPlatforms) = postSolution
		{89AD8AF8-0491-46AA-AF7D-755C463C79F6}.Debug|Any CPU.ActiveCfg = Debug|Any CPU
		{89AD8AF8-0491-46AA-AF7D-755C463C79F6}.Debug|Any CPU.Build.0 = Debug|Any CPU
		{89AD8AF8-0491-46AA-AF7D-755C463C79F6}.Release|Any CPU.ActiveCfg = Release|Any CPU
		{89AD8AF8-0491-46AA-AF7D-755C463C79F6}.Release|Any CPU.Build.0 = Release|Any CPU
		{C9A20E50-77C5-494C-883D-698B0757B0F2}.Debug|Any CPU.ActiveCfg = Debug|Any CPU
		{C9A20E50-77C5-494C-883D-698B0757B0F2}.Debug|Any CPU.Build.0 = Debug|Any CPU
		{C9A20E50-77C5-494C-883D-698B0757B0F2}.Release|Any CPU.ActiveCfg = Release|Any CPU
		{C9A20E50-77C5-494C-883D-698B0757B0F2}.Release|Any CPU.Build.0 = Release|Any CPU
	EndGlobalSection
	GlobalSection(SolutionProperties) = preSolution
		HideSolutionNode = FALSE
	EndGlobalSection
	GlobalSection(ExtensibilityGlobals) = postSolution
		SolutionGuid = {50A779F2-6C6F-46B0-8E19-96859B2B4D28}
	EndGlobalSection
EndGlobal
